
Microsoft Visual Studio Solution File, Format Version 12.00
# Visual Studio 15
VisualStudioVersion = 15.0.27705.2000
MinimumVisualStudioVersion = 10.0.40219.1
Project("{9A19103F-16F7-4668-BE54-9A1E7A4F7556}") = "FirstDotNetCoreAPI", "FirstDotNetCoreAPI\FirstDotNetCoreAPI.csproj", "{C165F21B-FC34-4CD8-85A8-F545032496EA}"
EndProject
Project("{FAE04EC0-301F-11D3-BF4B-00C04F79EFBC}") = "FirstDotNetCoreAPI.Integration.Tests", "FirstDotNetCoreAPI.Integration.Tests\FirstDotNetCoreAPI.Integration.Tests.csproj", "{2591E724-7F3B-4669-98AA-B2FAB818CE80}"
EndProject
Global
	GlobalSection(SolutionConfigurationPlatforms) = preSolution
		Debug|Any CPU = Debug|Any CPU
		Release|Any CPU = Release|Any CPU
	EndGlobalSection
	GlobalSection(ProjectConfigurationPlatforms) = postSolution
		{C165F21B-FC34-4CD8-85A8-F545032496EA}.Debug|Any CPU.ActiveCfg = Debug|Any CPU
		{C165F21B-FC34-4CD8-85A8-F545032496EA}.Debug|Any CPU.Build.0 = Debug|Any CPU
		{C165F21B-FC34-4CD8-85A8-F545032496EA}.Release|Any CPU.ActiveCfg = Release|Any CPU
		{C165F21B-FC34-4CD8-85A8-F545032496EA}.Release|Any CPU.Build.0 = Release|Any CPU
		{2591E724-7F3B-4669-98AA-B2FAB818CE80}.Debug|Any CPU.ActiveCfg = Debug|Any CPU
		{2591E724-7F3B-4669-98AA-B2FAB818CE80}.Debug|Any CPU.Build.0 = Debug|Any CPU
		{2591E724-7F3B-4669-98AA-B2FAB818CE80}.Release|Any CPU.ActiveCfg = Release|Any CPU
		{2591E724-7F3B-4669-98AA-B2FAB818CE80}.Release|Any CPU.Build.0 = Release|Any CPU
	EndGlobalSection
	GlobalSection(SolutionProperties) = preSolution
		HideSolutionNode = FALSE
	EndGlobalSection
	GlobalSection(ExtensibilityGlobals) = postSolution
		SolutionGuid = {CEB1125A-9608-479F-801C-C6E35E40EAB6}
	EndGlobalSection
EndGlobal
